// !$*UTF8*$!
{
	archiveVersion = 1;
	classes = {
	};
	objectVersion = 50;
	objects = {

/* Begin PBXBuildFile section */
		3D4E7D5E246F912200ECA7C9 /* ToDo.swift in Sources */ = {isa = PBXBuildFile; fileRef = 3D4E7D5D246F912200ECA7C9 /* ToDo.swift */; };
		3D4E7D60246FA8F000ECA7C9 /* ToDoCollectionViewCell.swift in Sources */ = {isa = PBXBuildFile; fileRef = 3D4E7D5F246FA8F000ECA7C9 /* ToDoCollectionViewCell.swift */; };
		3DAF5E84246F2D61005DB511 /* AppDelegate.swift in Sources */ = {isa = PBXBuildFile; fileRef = 3DAF5E83246F2D61005DB511 /* AppDelegate.swift */; };
		3DAF5E86246F2D62005DB511 /* SceneDelegate.swift in Sources */ = {isa = PBXBuildFile; fileRef = 3DAF5E85246F2D61005DB511 /* SceneDelegate.swift */; };
		3DAF5E8B246F2D62005DB511 /* Main.storyboard in Resources */ = {isa = PBXBuildFile; fileRef = 3DAF5E89246F2D62005DB511 /* Main.storyboard */; };
		3DAF5E8D246F2D63005DB511 /* Assets.xcassets in Resources */ = {isa = PBXBuildFile; fileRef = 3DAF5E8C246F2D63005DB511 /* Assets.xcassets */; };
		3DAF5E90246F2D63005DB511 /* LaunchScreen.storyboard in Resources */ = {isa = PBXBuildFile; fileRef = 3DAF5E8E246F2D63005DB511 /* LaunchScreen.storyboard */; };
		3DDC9EA8246F8AE800B09AB4 /* ToDoCollectionViewController.swift in Sources */ = {isa = PBXBuildFile; fileRef = 3DDC9EA7246F8AE800B09AB4 /* ToDoCollectionViewController.swift */; };
/* End PBXBuildFile section */

/* Begin PBXFileReference section */
		3D4E7D5D246F912200ECA7C9 /* ToDo.swift */ = {isa = PBXFileReference; lastKnownFileType = sourcecode.swift; path = ToDo.swift; sourceTree = "<group>"; };
		3D4E7D5F246FA8F000ECA7C9 /* ToDoCollectionViewCell.swift */ = {isa = PBXFileReference; lastKnownFileType = sourcecode.swift; path = ToDoCollectionViewCell.swift; sourceTree = "<group>"; };
		3DAF5E80246F2D61005DB511 /* URLSessionPractice.app */ = {isa = PBXFileReference; explicitFileType = wrapper.application; includeInIndex = 0; path = URLSessionPractice.app; sourceTree = BUILT_PRODUCTS_DIR; };
		3DAF5E83246F2D61005DB511 /* AppDelegate.swift */ = {isa = PBXFileReference; lastKnownFileType = sourcecode.swift; path = AppDelegate.swift; sourceTree = "<group>"; };
		3DAF5E85246F2D61005DB511 /* SceneDelegate.swift */ = {isa = PBXFileReference; lastKnownFileType = sourcecode.swift; path = SceneDelegate.swift; sourceTree = "<group>"; };
		3DAF5E8A246F2D62005DB511 /* Base */ = {isa = PBXFileReference; lastKnownFileType = file.storyboard; name = Base; path = Base.lproj/Main.storyboard; sourceTree = "<group>"; };
		3DAF5E8C246F2D63005DB511 /* Assets.xcassets */ = {isa = PBXFileReference; lastKnownFileType = folder.assetcatalog; path = Assets.xcassets; sourceTree = "<group>"; };
		3DAF5E8F246F2D63005DB511 /* Base */ = {isa = PBXFileReference; lastKnownFileType = file.storyboard; name = Base; path = Base.lproj/LaunchScreen.storyboard; sourceTree = "<group>"; };
		3DAF5E91246F2D63005DB511 /* Info.plist */ = {isa = PBXFileReference; lastKnownFileType = text.plist.xml; path = Info.plist; sourceTree = "<group>"; };
		3DDC9EA7246F8AE800B09AB4 /* ToDoCollectionViewController.swift */ = {isa = PBXFileReference; lastKnownFileType = sourcecode.swift; path = ToDoCollectionViewController.swift; sourceTree = "<group>"; };
/* End PBXFileReference section */

/* Begin PBXFrameworksBuildPhase section */
		3DAF5E7D246F2D61005DB511 /* Frameworks */ = {
			isa = PBXFrameworksBuildPhase;
			buildActionMask = 2147483647;
			files = (
			);
			runOnlyForDeploymentPostprocessing = 0;
		};
/* End PBXFrameworksBuildPhase section */

/* Begin PBXGroup section */
		3DAF5E77246F2D61005DB511 = {
			isa = PBXGroup;
			children = (
				3DAF5E82246F2D61005DB511 /* URLSessionPractice */,
				3DAF5E81246F2D61005DB511 /* Products */,
			);
			sourceTree = "<group>";
		};
		3DAF5E81246F2D61005DB511 /* Products */ = {
			isa = PBXGroup;
			children = (
				3DAF5E80246F2D61005DB511 /* URLSessionPractice.app */,
			);
			name = Products;
			sourceTree = "<group>";
		};
		3DAF5E82246F2D61005DB511 /* URLSessionPractice */ = {
			isa = PBXGroup;
			children = (
				3DDC9EAB246F8B2700B09AB4 /* Model */,
				3DDC9EA9246F8B0400B09AB4 /* Controller */,
				3DDC9EAA246F8B1400B09AB4 /* View */,
				3DAF5E8C246F2D63005DB511 /* Assets.xcassets */,
				3DAF5E91246F2D63005DB511 /* Info.plist */,
			);
			path = URLSessionPractice;
			sourceTree = "<group>";
		};
		3DDC9EA9246F8B0400B09AB4 /* Controller */ = {
			isa = PBXGroup;
			children = (
				3DAF5E83246F2D61005DB511 /* AppDelegate.swift */,
				3DAF5E85246F2D61005DB511 /* SceneDelegate.swift */,
				3DDC9EA7246F8AE800B09AB4 /* ToDoCollectionViewController.swift */,
				3D4E7D5F246FA8F000ECA7C9 /* ToDoCollectionViewCell.swift */,
			);
			path = Controller;
			sourceTree = "<group>";
		};
		3DDC9EAA246F8B1400B09AB4 /* View */ = {
			isa = PBXGroup;
			children = (
				3DAF5E89246F2D62005DB511 /* Main.storyboard */,
				3DAF5E8E246F2D63005DB511 /* LaunchScreen.storyboard */,
			);
			path = View;
			sourceTree = "<group>";
		};
		3DDC9EAB246F8B2700B09AB4 /* Model */ = {
			isa = PBXGroup;
			children = (
				3D4E7D5D246F912200ECA7C9 /* ToDo.swift */,
			);
			path = Model;
			sourceTree = "<group>";
		};
/* End PBXGroup section */

/* Begin PBXNativeTarget section */
		3DAF5E7F246F2D61005DB511 /* URLSessionPractice */ = {
			isa = PBXNativeTarget;
			buildConfigurationList = 3DAF5E94246F2D63005DB511 /* Build configuration list for PBXNativeTarget "URLSessionPractice" */;
			buildPhases = (
				3DAF5E7C246F2D61005DB511 /* Sources */,
				3DAF5E7D246F2D61005DB511 /* Frameworks */,
				3DAF5E7E246F2D61005DB511 /* Resources */,
			);
			buildRules = (
			);
			dependencies = (
			);
			name = URLSessionPractice;
			productName = URLSessionPractice;
			productReference = 3DAF5E80246F2D61005DB511 /* URLSessionPractice.app */;
			productType = "com.apple.product-type.application";
		};
/* End PBXNativeTarget section */

/* Begin PBXProject section */
		3DAF5E78246F2D61005DB511 /* Project object */ = {
			isa = PBXProject;
			attributes = {
				LastSwiftUpdateCheck = 1140;
				LastUpgradeCheck = 1140;
				ORGANIZATIONNAME = ShawnLi;
				TargetAttributes = {
					3DAF5E7F246F2D61005DB511 = {
						CreatedOnToolsVersion = 11.4.1;
					};
				};
			};
			buildConfigurationList = 3DAF5E7B246F2D61005DB511 /* Build configuration list for PBXProject "URLSessionPractice" */;
			compatibilityVersion = "Xcode 9.3";
			developmentRegion = en;
			hasScannedForEncodings = 0;
			knownRegions = (
				en,
				Base,
			);
			mainGroup = 3DAF5E77246F2D61005DB511;
			productRefGroup = 3DAF5E81246F2D61005DB511 /* Products */;
			projectDirPath = "";
			projectRoot = "";
			targets = (
				3DAF5E7F246F2D61005DB511 /* URLSessionPractice */,
			);
		};
/* End PBXProject section */

/* Begin PBXResourcesBuildPhase section */
		3DAF5E7E246F2D61005DB511 /* Resources */ = {
			isa = PBXResourcesBuildPhase;
			buildActionMask = 2147483647;
			files = (
				3DAF5E90246F2D63005DB511 /* LaunchScreen.storyboard in Resources */,
				3DAF5E8D246F2D63005DB511 /* Assets.xcassets in Resources */,
				3DAF5E8B246F2D62005DB511 /* Main.storyboard in Resources */,
			);
			runOnlyForDeploymentPostprocessing = 0;
		};
/* End PBXResourcesBuildPhase section */

/* Begin PBXSourcesBuildPhase section */
		3DAF5E7C246F2D61005DB511 /* Sources */ = {
			isa = PBXSourcesBuildPhase;
			buildActionMask = 2147483647;
			files = (
				3D4E7D5E246F912200ECA7C9 /* ToDo.swift in Sources */,
				3D4E7D60246FA8F000ECA7C9 /* ToDoCollectionViewCell.swift in Sources */,
				3DAF5E84246F2D61005DB511 /* AppDelegate.swift in Sources */,
				3DDC9EA8246F8AE800B09AB4 /* ToDoCollectionViewController.swift in Sources */,
				3DAF5E86246F2D62005DB511 /* SceneDelegate.swift in Sources */,
			);
			runOnlyForDeploymentPostprocessing = 0;
		};
/* End PBXSourcesBuildPhase section */

/* Begin PBXVariantGroup section */
		3DAF5E89246F2D62005DB511 /* Main.storyboard */ = {
			isa = PBXVariantGroup;
			children = (
				3DAF5E8A246F2D62005DB511 /* Base */,
			);
			name = Main.storyboard;
			sourceTree = "<group>";
		};
		3DAF5E8E246F2D63005DB511 /* LaunchScreen.storyboard */ = {
			isa = PBXVariantGroup;
			children = (
				3DAF5E8F246F2D63005DB511 /* Base */,
			);
			name = LaunchScreen.storyboard;
			sourceTree = "<group>";
		};
/* End PBXVariantGroup section */

/* Begin XCBuildConfiguration section */
		3DAF5E92246F2D63005DB511 /* Debug */ = {
			isa = XCBuildConfiguration;
			buildSettings = {
				ALWAYS_SEARCH_USER_PATHS = NO;
				CLANG_ANALYZER_NONNULL = YES;
				CLANG_ANALYZER_NUMBER_OBJECT_CONVERSION = YES_AGGRESSIVE;
				CLANG_CXX_LANGUAGE_STANDARD = "gnu++14";
				CLANG_CXX_LIBRARY = "libc++";
				CLANG_ENABLE_MODULES = YES;
				CLANG_ENABLE_OBJC_ARC = YES;
				CLANG_ENABLE_OBJC_WEAK = YES;
				CLANG_WARN_BLOCK_CAPTURE_AUTORELEASING = YES;
				CLANG_WARN_BOOL_CONVERSION = YES;
				CLANG_WARN_COMMA = YES;
				CLANG_WARN_CONSTANT_CONVERSION = YES;
				CLANG_WARN_DEPRECATED_OBJC_IMPLEMENTATIONS = YES;
				CLANG_WARN_DIRECT_OBJC_ISA_USAGE = YES_ERROR;
				CLANG_WARN_DOCUMENTATION_COMMENTS = YES;
				CLANG_WARN_EMPTY_BODY = YES;
				CLANG_WARN_ENUM_CONVERSION = YES;
				CLANG_WARN_INFINITE_RECURSION = YES;
				CLANG_WARN_INT_CONVERSION = YES;
				CLANG_WARN_NON_LITERAL_NULL_CONVERSION = YES;
				CLANG_WARN_OBJC_IMPLICIT_RETAIN_SELF = YES;
				CLANG_WARN_OBJC_LITERAL_CONVERSION = YES;
				CLANG_WARN_OBJC_ROOT_CLASS = YES_ERROR;
				CLANG_WARN_RANGE_LOOP_ANALYSIS = YES;
				CLANG_WARN_STRICT_PROTOTYPES = YES;
				CLANG_WARN_SUSPICIOUS_MOVE = YES;
				CLANG_WARN_UNGUARDED_AVAILABILITY = YES_AGGRESSIVE;
				CLANG_WARN_UNREACHABLE_CODE = YES;
				CLANG_WARN__DUPLICATE_METHOD_MATCH = YES;
				COPY_PHASE_STRIP = NO;
				DEBUG_INFORMATION_FORMAT = dwarf;
				ENABLE_STRICT_OBJC_MSGSEND = YES;
				ENABLE_TESTABILITY = YES;
				GCC_C_LANGUAGE_STANDARD = gnu11;
				GCC_DYNAMIC_NO_PIC = NO;
				GCC_NO_COMMON_BLOCKS = YES;
				GCC_OPTIMIZATION_LEVEL = 0;
				GCC_PREPROCESSOR_DEFINITIONS = (
					"DEBUG=1",
					"$(inherited)",
				);
				GCC_WARN_64_TO_32_BIT_CONVERSION = YES;
				GCC_WARN_ABOUT_RETURN_TYPE = YES_ERROR;
				GCC_WARN_UNDECLARED_SELECTOR = YES;
				GCC_WARN_UNINITIALIZED_AUTOS = YES_AGGRESSIVE;
				GCC_WARN_UNUSED_FUNCTION = YES;
				GCC_WARN_UNUSED_VARIABLE = YES;
				IPHONEOS_DEPLOYMENT_TARGET = 13.4;
				MTL_ENABLE_DEBUG_INFO = INCLUDE_SOURCE;
				MTL_FAST_MATH = YES;
				ONLY_ACTIVE_ARCH = YES;
				SDKROOT = iphoneos;
				SWIFT_ACTIVE_COMPILATION_CONDITIONS = DEBUG;
				SWIFT_OPTIMIZATION_LEVEL = "-Onone";
			};
			name = Debug;
		};
		3DAF5E93246F2D63005DB511 /* Release */ = {
			isa = XCBuildConfiguration;
			buildSettings = {
				ALWAYS_SEARCH_USER_PATHS = NO;
				CLANG_ANALYZER_NONNULL = YES;
				CLANG_ANALYZER_NUMBER_OBJECT_CONVERSION = YES_AGGRESSIVE;
				CLANG_CXX_LANGUAGE_STANDARD = "gnu++14";
				CLANG_CXX_LIBRARY = "libc++";
				CLANG_ENABLE_MODULES = YES;
				CLANG_ENABLE_OBJC_ARC = YES;
				CLANG_ENABLE_OBJC_WEAK = YES;
				CLANG_WARN_BLOCK_CAPTURE_AUTORELEASING = YES;
				CLANG_WARN_BOOL_CONVERSION = YES;
				CLANG_WARN_COMMA = YES;
				CLANG_WARN_CONSTANT_CONVERSION = YES;
				CLANG_WARN_DEPRECATED_OBJC_IMPLEMENTATIONS = YES;
				CLANG_WARN_DIRECT_OBJC_ISA_USAGE = YES_ERROR;
				CLANG_WARN_DOCUMENTATION_COMMENTS = YES;
				CLANG_WARN_EMPTY_BODY = YES;
				CLANG_WARN_ENUM_CONVERSION = YES;
				CLANG_WARN_INFINITE_RECURSION = YES;
				CLANG_WARN_INT_CONVERSION = YES;
				CLANG_WARN_NON_LITERAL_NULL_CONVERSION = YES;
				CLANG_WARN_OBJC_IMPLICIT_RETAIN_SELF = YES;
				CLANG_WARN_OBJC_LITERAL_CONVERSION = YES;
				CLANG_WARN_OBJC_ROOT_CLASS = YES_ERROR;
				CLANG_WARN_RANGE_LOOP_ANALYSIS = YES;
				CLANG_WARN_STRICT_PROTOTYPES = YES;
				CLANG_WARN_SUSPICIOUS_MOVE = YES;
				CLANG_WARN_UNGUARDED_AVAILABILITY = YES_AGGRESSIVE;
				CLANG_WARN_UNREACHABLE_CODE = YES;
				CLANG_WARN__DUPLICATE_METHOD_MATCH = YES;
				COPY_PHASE_STRIP = NO;
				DEBUG_INFORMATION_FORMAT = "dwarf-with-dsym";
				ENABLE_NS_ASSERTIONS = NO;
				ENABLE_STRICT_OBJC_MSGSEND = YES;
				GCC_C_LANGUAGE_STANDARD = gnu11;
				GCC_NO_COMMON_BLOCKS = YES;
				GCC_WARN_64_TO_32_BIT_CONVERSION = YES;
				GCC_WARN_ABOUT_RETURN_TYPE = YES_ERROR;
				GCC_WARN_UNDECLARED_SELECTOR = YES;
				GCC_WARN_UNINITIALIZED_AUTOS = YES_AGGRESSIVE;
				GCC_WARN_UNUSED_FUNCTION = YES;
				GCC_WARN_UNUSED_VARIABLE = YES;
				IPHONEOS_DEPLOYMENT_TARGET = 13.4;
				MTL_ENABLE_DEBUG_INFO = NO;
				MTL_FAST_MATH = YES;
				SDKROOT = iphoneos;
				SWIFT_COMPILATION_MODE = wholemodule;
				SWIFT_OPTIMIZATION_LEVEL = "-O";
				VALIDATE_PRODUCT = YES;
			};
			name = Release;
		};
		3DAF5E95246F2D63005DB511 /* Debug */ = {
			isa = XCBuildConfiguration;
			buildSettings = {
				ASSETCATALOG_COMPILER_APPICON_NAME = AppIcon;
				CODE_SIGN_STYLE = Automatic;
				DEVELOPMENT_TEAM = 2NAJ323R5S;
				INFOPLIST_FILE = URLSessionPractice/Info.plist;
				LD_RUNPATH_SEARCH_PATHS = (
					"$(inherited)",
					"@executable_path/Frameworks",
				);
				PRODUCT_BUNDLE_IDENTIFIER = com.shawnli.URLSessionPractice;
				PRODUCT_NAME = "$(TARGET_NAME)";
				SWIFT_VERSION = 5.0;
				TARGETED_DEVICE_FAMILY = "1,2";
			};
			name = Debug;
		};
		3DAF5E96246F2D63005DB511 /* Release */ = {
			isa = XCBuildConfiguration;
			buildSettings = {
				ASSETCATALOG_COMPILER_APPICON_NAME = AppIcon;
				CODE_SIGN_STYLE = Automatic;
				DEVELOPMENT_TEAM = 2NAJ323R5S;
				INFOPLIST_FILE = URLSessionPractice/Info.plist;
				LD_RUNPATH_SEARCH_PATHS = (
					"$(inherited)",
					"@executable_path/Frameworks",
				);
				PRODUCT_BUNDLE_IDENTIFIER = com.shawnli.URLSessionPractice;
				PRODUCT_NAME = "$(TARGET_NAME)";
				SWIFT_VERSION = 5.0;
				TARGETED_DEVICE_FAMILY = "1,2";
			};
			name = Release;
		};
/* End XCBuildConfiguration section */

/* Begin XCConfigurationList section */
		3DAF5E7B246F2D61005DB511 /* Build configuration list for PBXProject "URLSessionPractice" */ = {
			isa = XCConfigurationList;
			buildConfigurations = (
				3DAF5E92246F2D63005DB511 /* Debug */,
				3DAF5E93246F2D63005DB511 /* Release */,
			);
			defaultConfigurationIsVisible = 0;
			defaultConfigurationName = Release;
		};
		3DAF5E94246F2D63005DB511 /* Build configuration list for PBXNativeTarget "URLSessionPractice" */ = {
			isa = XCConfigurationList;
			buildConfigurations = (
				3DAF5E95246F2D63005DB511 /* Debug */,
				3DAF5E96246F2D63005DB511 /* Release */,
			);
			defaultConfigurationIsVisible = 0;
			defaultConfigurationName = Release;
		};
/* End XCConfigurationList section */
	};
	rootObject = 3DAF5E78246F2D61005DB511 /* Project object */;
}
